
Microsoft Visual Studio Solution File, Format Version 12.00
# Visual Studio 15
Project("{FAE04EC0-301F-11D3-BF4B-00C04F79EFBC}") = "Assembly-CSharp", "Assembly-CSharp.csproj", "{C0E93F1F-C411-4015-F84B-200B31F11FE1}"
EndProject
Project("{FAE04EC0-301F-11D3-BF4B-00C04F79EFBC}") = "SteamVR", "SteamVR.csproj", "{B02ECC85-22DF-64B1-6275-A084AF7B3405}"
EndProject
Project("{FAE04EC0-301F-11D3-BF4B-00C04F79EFBC}") = "SteamVR_Editor", "SteamVR_Editor.csproj", "{99F158FD-7D56-A4AF-D0C5-4E9F4DB671A2}"
EndProject
Project("{FAE04EC0-301F-11D3-BF4B-00C04F79EFBC}") = "Assembly-CSharp-Editor", "Assembly-CSharp-Editor.csproj", "{101D9459-6032-BFF7-350A-FA1282688BC8}"
EndProject
Project("{FAE04EC0-301F-11D3-BF4B-00C04F79EFBC}") = "SteamVR_Input_Editor", "SteamVR_Input_Editor.csproj", "{B0970B08-C65E-0CAA-D974-8B6DC6A05BAF}"
EndProject
Project("{FAE04EC0-301F-11D3-BF4B-00C04F79EFBC}") = "SteamVR_Windows_EditorHelper", "SteamVR_Windows_EditorHelper.csproj", "{F646AA87-1112-A242-D5A5-5C055AFDB5DF}"
EndProject
Global
	GlobalSection(SolutionConfigurationPlatforms) = preSolution
		Debug|Any CPU = Debug|Any CPU
		Release|Any CPU = Release|Any CPU
	EndGlobalSection
	GlobalSection(ProjectConfigurationPlatforms) = postSolution
		{C0E93F1F-C411-4015-F84B-200B31F11FE1}.Debug|Any CPU.ActiveCfg = Debug|Any CPU
		{C0E93F1F-C411-4015-F84B-200B31F11FE1}.Debug|Any CPU.Build.0 = Debug|Any CPU
		{C0E93F1F-C411-4015-F84B-200B31F11FE1}.Release|Any CPU.ActiveCfg = Release|Any CPU
		{C0E93F1F-C411-4015-F84B-200B31F11FE1}.Release|Any CPU.Build.0 = Release|Any CPU
		{B02ECC85-22DF-64B1-6275-A084AF7B3405}.Debug|Any CPU.ActiveCfg = Debug|Any CPU
		{B02ECC85-22DF-64B1-6275-A084AF7B3405}.Debug|Any CPU.Build.0 = Debug|Any CPU
		{B02ECC85-22DF-64B1-6275-A084AF7B3405}.Release|Any CPU.ActiveCfg = Release|Any CPU
		{B02ECC85-22DF-64B1-6275-A084AF7B3405}.Release|Any CPU.Build.0 = Release|Any CPU
		{99F158FD-7D56-A4AF-D0C5-4E9F4DB671A2}.Debug|Any CPU.ActiveCfg = Debug|Any CPU
		{99F158FD-7D56-A4AF-D0C5-4E9F4DB671A2}.Debug|Any CPU.Build.0 = Debug|Any CPU
		{99F158FD-7D56-A4AF-D0C5-4E9F4DB671A2}.Release|Any CPU.ActiveCfg = Release|Any CPU
		{99F158FD-7D56-A4AF-D0C5-4E9F4DB671A2}.Release|Any CPU.Build.0 = Release|Any CPU
		{101D9459-6032-BFF7-350A-FA1282688BC8}.Debug|Any CPU.ActiveCfg = Debug|Any CPU
		{101D9459-6032-BFF7-350A-FA1282688BC8}.Debug|Any CPU.Build.0 = Debug|Any CPU
		{101D9459-6032-BFF7-350A-FA1282688BC8}.Release|Any CPU.ActiveCfg = Release|Any CPU
		{101D9459-6032-BFF7-350A-FA1282688BC8}.Release|Any CPU.Build.0 = Release|Any CPU
		{B0970B08-C65E-0CAA-D974-8B6DC6A05BAF}.Debug|Any CPU.ActiveCfg = Debug|Any CPU
		{B0970B08-C65E-0CAA-D974-8B6DC6A05BAF}.Debug|Any CPU.Build.0 = Debug|Any CPU
		{B0970B08-C65E-0CAA-D974-8B6DC6A05BAF}.Release|Any CPU.ActiveCfg = Release|Any CPU
		{B0970B08-C65E-0CAA-D974-8B6DC6A05BAF}.Release|Any CPU.Build.0 = Release|Any CPU
		{F646AA87-1112-A242-D5A5-5C055AFDB5DF}.Debug|Any CPU.ActiveCfg = Debug|Any CPU
		{F646AA87-1112-A242-D5A5-5C055AFDB5DF}.Debug|Any CPU.Build.0 = Debug|Any CPU
		{F646AA87-1112-A242-D5A5-5C055AFDB5DF}.Release|Any CPU.ActiveCfg = Release|Any CPU
		{F646AA87-1112-A242-D5A5-5C055AFDB5DF}.Release|Any CPU.Build.0 = Release|Any CPU
	EndGlobalSection
	GlobalSection(SolutionProperties) = preSolution
		HideSolutionNode = FALSE
	EndGlobalSection
EndGlobal
